
Microsoft Visual Studio Solution File, Format Version 12.00
# Visual Studio 2013
VisualStudioVersion = 12.0.31101.0
MinimumVisualStudioVersion = 10.0.40219.1
Project("{FAE04EC0-301F-11D3-BF4B-00C04F79EFBC}") = "Fileupload Control", "Fileupload Control\Fileupload Control.csproj", "{78B7227F-3057-435C-8185-11E1E054D161}"
EndProject
Global
	GlobalSection(SolutionConfigurationPlatforms) = preSolution
		Debug|Any CPU = Debug|Any CPU
		Release|Any CPU = Release|Any CPU
	EndGlobalSection
	GlobalSection(ProjectConfigurationPlatforms) = postSolution
		{78B7227F-3057-435C-8185-11E1E054D161}.Debug|Any CPU.ActiveCfg = Debug|Any CPU
		{78B7227F-3057-435C-8185-11E1E054D161}.Debug|Any CPU.Build.0 = Debug|Any CPU
		{78B7227F-3057-435C-8185-11E1E054D161}.Release|Any CPU.ActiveCfg = Release|Any CPU
		{78B7227F-3057-435C-8185-11E1E054D161}.Release|Any CPU.Build.0 = Release|Any CPU
	EndGlobalSection
	GlobalSection(SolutionProperties) = preSolution
		HideSolutionNode = FALSE
	EndGlobalSection
EndGlobal
