
Microsoft Visual Studio Solution File, Format Version 12.00
# Visual Studio 2013
VisualStudioVersion = 12.0.40629.0
MinimumVisualStudioVersion = 10.0.40219.1
Project("{E24C65DC-7377-472B-9ABA-BC803B73C61A}") = "website(38)", "http://localhost:35149", "{5A6C5870-4CB2-4761-B15D-C78A8E35FD54}"
	ProjectSection(WebsiteProperties) = preProject
		UseIISExpress = "true"
		TargetFrameworkMoniker = ".NETFramework,Version%3Dv4.5"
		ProjectReferences = "{b9881612-18a1-4c50-80e9-c89eb753a632}|ScheduleDemo.dll;"
		Debug.AspNetCompiler.VirtualPath = "/localhost_35149"
		Debug.AspNetCompiler.PhysicalPath = "website\"
		Debug.AspNetCompiler.TargetPath = "PrecompiledWeb\localhost_35149\"
		Debug.AspNetCompiler.Updateable = "true"
		Debug.AspNetCompiler.ForceOverwrite = "true"
		Debug.AspNetCompiler.FixedNames = "false"
		Debug.AspNetCompiler.Debug = "True"
		Release.AspNetCompiler.VirtualPath = "/localhost_35149"
		Release.AspNetCompiler.PhysicalPath = "website\"
		Release.AspNetCompiler.TargetPath = "PrecompiledWeb\localhost_35149\"
		Release.AspNetCompiler.Updateable = "true"
		Release.AspNetCompiler.ForceOverwrite = "true"
		Release.AspNetCompiler.FixedNames = "false"
		Release.AspNetCompiler.Debug = "False"
		SlnRelativePath = "website\"
		DefaultWebSiteLanguage = "Visual C#"
	EndProjectSection
EndProject
Project("{FAE04EC0-301F-11D3-BF4B-00C04F79EFBC}") = "ScheduleDemo", "ScheduleDemo\ScheduleDemo.csproj", "{B9881612-18A1-4C50-80E9-C89EB753A632}"
EndProject
Global
	GlobalSection(SolutionConfigurationPlatforms) = preSolution
		Debug|Any CPU = Debug|Any CPU
		Release|Any CPU = Release|Any CPU
	EndGlobalSection
	GlobalSection(ProjectConfigurationPlatforms) = postSolution
		{5A6C5870-4CB2-4761-B15D-C78A8E35FD54}.Debug|Any CPU.ActiveCfg = Debug|Any CPU
		{5A6C5870-4CB2-4761-B15D-C78A8E35FD54}.Debug|Any CPU.Build.0 = Debug|Any CPU
		{5A6C5870-4CB2-4761-B15D-C78A8E35FD54}.Release|Any CPU.ActiveCfg = Debug|Any CPU
		{5A6C5870-4CB2-4761-B15D-C78A8E35FD54}.Release|Any CPU.Build.0 = Debug|Any CPU
		{B9881612-18A1-4C50-80E9-C89EB753A632}.Debug|Any CPU.ActiveCfg = Debug|Any CPU
		{B9881612-18A1-4C50-80E9-C89EB753A632}.Debug|Any CPU.Build.0 = Debug|Any CPU
		{B9881612-18A1-4C50-80E9-C89EB753A632}.Release|Any CPU.ActiveCfg = Release|Any CPU
		{B9881612-18A1-4C50-80E9-C89EB753A632}.Release|Any CPU.Build.0 = Release|Any CPU
	EndGlobalSection
	GlobalSection(SolutionProperties) = preSolution
		HideSolutionNode = FALSE
	EndGlobalSection
EndGlobal
