
Microsoft Visual Studio Solution File, Format Version 12.00
# Visual Studio 2013
VisualStudioVersion = 12.0.40629.0
MinimumVisualStudioVersion = 10.0.40219.1
Project("{E24C65DC-7377-472B-9ABA-BC803B73C61A}") = "website(45)", "http://localhost:16771", "{0EC0C68C-C568-439E-9AE7-B58F2E4194AC}"
	ProjectSection(WebsiteProperties) = preProject
		UseIISExpress = "true"
		TargetFrameworkMoniker = ".NETFramework,Version%3Dv4.5"
		ProjectReferences = "{a0173cde-67b6-486b-b644-bef80f254236}|EntityDemo.dll;"
		Debug.AspNetCompiler.VirtualPath = "/localhost_16771"
		Debug.AspNetCompiler.PhysicalPath = "website\"
		Debug.AspNetCompiler.TargetPath = "PrecompiledWeb\localhost_16771\"
		Debug.AspNetCompiler.Updateable = "true"
		Debug.AspNetCompiler.ForceOverwrite = "true"
		Debug.AspNetCompiler.FixedNames = "false"
		Debug.AspNetCompiler.Debug = "True"
		Release.AspNetCompiler.VirtualPath = "/localhost_16771"
		Release.AspNetCompiler.PhysicalPath = "website\"
		Release.AspNetCompiler.TargetPath = "PrecompiledWeb\localhost_16771\"
		Release.AspNetCompiler.Updateable = "true"
		Release.AspNetCompiler.ForceOverwrite = "true"
		Release.AspNetCompiler.FixedNames = "false"
		Release.AspNetCompiler.Debug = "False"
		SlnRelativePath = "website\"
		DefaultWebSiteLanguage = "Visual C#"
	EndProjectSection
EndProject
Project("{FAE04EC0-301F-11D3-BF4B-00C04F79EFBC}") = "EntityDemo", "EntityDemo\EntityDemo.csproj", "{A0173CDE-67B6-486B-B644-BEF80F254236}"
EndProject
Global
	GlobalSection(SolutionConfigurationPlatforms) = preSolution
		Debug|Any CPU = Debug|Any CPU
		Release|Any CPU = Release|Any CPU
	EndGlobalSection
	GlobalSection(ProjectConfigurationPlatforms) = postSolution
		{0EC0C68C-C568-439E-9AE7-B58F2E4194AC}.Debug|Any CPU.ActiveCfg = Debug|Any CPU
		{0EC0C68C-C568-439E-9AE7-B58F2E4194AC}.Debug|Any CPU.Build.0 = Debug|Any CPU
		{0EC0C68C-C568-439E-9AE7-B58F2E4194AC}.Release|Any CPU.ActiveCfg = Debug|Any CPU
		{0EC0C68C-C568-439E-9AE7-B58F2E4194AC}.Release|Any CPU.Build.0 = Debug|Any CPU
		{A0173CDE-67B6-486B-B644-BEF80F254236}.Debug|Any CPU.ActiveCfg = Debug|Any CPU
		{A0173CDE-67B6-486B-B644-BEF80F254236}.Debug|Any CPU.Build.0 = Debug|Any CPU
		{A0173CDE-67B6-486B-B644-BEF80F254236}.Release|Any CPU.ActiveCfg = Release|Any CPU
		{A0173CDE-67B6-486B-B644-BEF80F254236}.Release|Any CPU.Build.0 = Release|Any CPU
	EndGlobalSection
	GlobalSection(SolutionProperties) = preSolution
		HideSolutionNode = FALSE
	EndGlobalSection
EndGlobal
